
Microsoft Visual Studio Solution File, Format Version 12.00
# Visual Studio Version 17
VisualStudioVersion = 17.6.33801.468
MinimumVisualStudioVersion = 10.0.40219.1
Project("{9A19103F-16F7-4668-BE54-9A1E7A4F7556}") = "KismetKompiler", "KismetKompiler\KismetKompiler.csproj", "{BB5B2277-3AD7-4F07-A05C-BD5A475A4A3A}"
EndProject
Project("{9A19103F-16F7-4668-BE54-9A1E7A4F7556}") = "UAssetAPI", "..\external\UAssetAPI\UAssetAPI\UAssetAPI.csproj", "{178417EC-1177-413E-BE85-C83AECD64279}"
EndProject
Project("{2150E333-8FDC-42A3-9474-1A3956D46DE8}") = "external", "external", "{AE0A8EF9-FF8E-4ACF-B611-B6E6D317E188}"
EndProject
Global
	GlobalSection(SolutionConfigurationPlatforms) = preSolution
		Debug Verbose|Any CPU = Debug Verbose|Any CPU
		Debug|Any CPU = Debug|Any CPU
		Release|Any CPU = Release|Any CPU
	EndGlobalSection
	GlobalSection(ProjectConfigurationPlatforms) = postSolution
		{BB5B2277-3AD7-4F07-A05C-BD5A475A4A3A}.Debug Verbose|Any CPU.ActiveCfg = Debug|Any CPU
		{BB5B2277-3AD7-4F07-A05C-BD5A475A4A3A}.Debug Verbose|Any CPU.Build.0 = Debug|Any CPU
		{BB5B2277-3AD7-4F07-A05C-BD5A475A4A3A}.Debug|Any CPU.ActiveCfg = Debug|Any CPU
		{BB5B2277-3AD7-4F07-A05C-BD5A475A4A3A}.Debug|Any CPU.Build.0 = Debug|Any CPU
		{BB5B2277-3AD7-4F07-A05C-BD5A475A4A3A}.Release|Any CPU.ActiveCfg = Release|Any CPU
		{BB5B2277-3AD7-4F07-A05C-BD5A475A4A3A}.Release|Any CPU.Build.0 = Release|Any CPU
		{178417EC-1177-413E-BE85-C83AECD64279}.Debug Verbose|Any CPU.ActiveCfg = Debug Verbose|Any CPU
		{178417EC-1177-413E-BE85-C83AECD64279}.Debug Verbose|Any CPU.Build.0 = Debug Verbose|Any CPU
		{178417EC-1177-413E-BE85-C83AECD64279}.Debug|Any CPU.ActiveCfg = Debug|Any CPU
		{178417EC-1177-413E-BE85-C83AECD64279}.Debug|Any CPU.Build.0 = Debug|Any CPU
		{178417EC-1177-413E-BE85-C83AECD64279}.Release|Any CPU.ActiveCfg = Release|Any CPU
		{178417EC-1177-413E-BE85-C83AECD64279}.Release|Any CPU.Build.0 = Release|Any CPU
	EndGlobalSection
	GlobalSection(SolutionProperties) = preSolution
		HideSolutionNode = FALSE
	EndGlobalSection
	GlobalSection(NestedProjects) = preSolution
		{178417EC-1177-413E-BE85-C83AECD64279} = {AE0A8EF9-FF8E-4ACF-B611-B6E6D317E188}
	EndGlobalSection
	GlobalSection(ExtensibilityGlobals) = postSolution
		SolutionGuid = {259D949E-8ED3-4E9A-9FED-F0D37FD5752C}
	EndGlobalSection
EndGlobal
